// !$*UTF8*$!
{
	archiveVersion = 1;
	classes = {
	};
	objectVersion = 46;
	objects = {

/* Begin PBXBuildFile section */
		F45322321ABBB8D700315E38 /* main.m in Sources */ = {isa = PBXBuildFile; fileRef = F45322311ABBB8D700315E38 /* main.m */; };
		F45322351ABBB8D700315E38 /* AppDelegate.m in Sources */ = {isa = PBXBuildFile; fileRef = F45322341ABBB8D700315E38 /* AppDelegate.m */; };
		F45322381ABBB8D800315E38 /* Test.xcdatamodeld in Sources */ = {isa = PBXBuildFile; fileRef = F45322361ABBB8D800315E38 /* Test.xcdatamodeld */; };
		F453223B1ABBB8D800315E38 /* ViewController.m in Sources */ = {isa = PBXBuildFile; fileRef = F453223A1ABBB8D800315E38 /* ViewController.m */; };
		F453223E1ABBB8D800315E38 /* Main.storyboard in Resources */ = {isa = PBXBuildFile; fileRef = F453223C1ABBB8D800315E38 /* Main.storyboard */; };
		F45322401ABBB8D800315E38 /* Images.xcassets in Resources */ = {isa = PBXBuildFile; fileRef = F453223F1ABBB8D800315E38 /* Images.xcassets */; };
		F45322431ABBB8D800315E38 /* LaunchScreen.xib in Resources */ = {isa = PBXBuildFile; fileRef = F45322411ABBB8D800315E38 /* LaunchScreen.xib */; };
		F453224F1ABBB8D800315E38 /* TestTests.m in Sources */ = {isa = PBXBuildFile; fileRef = F453224E1ABBB8D800315E38 /* TestTests.m */; };
		F453225B1ABBB95700315E38 /* FirstViewController.m in Sources */ = {isa = PBXBuildFile; fileRef = F45322591ABBB95700315E38 /* FirstViewController.m */; };
		F453225C1ABBB95700315E38 /* FirstViewController.xib in Resources */ = {isa = PBXBuildFile; fileRef = F453225A1ABBB95700315E38 /* FirstViewController.xib */; };
		F45322691ABBBF7600315E38 /* add_photo_52_36@2x.png in Resources */ = {isa = PBXBuildFile; fileRef = F453225D1ABBBF7600315E38 /* add_photo_52_36@2x.png */; };
		F453226A1ABBBF7600315E38 /* add_photo_52_36@3x.png in Resources */ = {isa = PBXBuildFile; fileRef = F453225E1ABBBF7600315E38 /* add_photo_52_36@3x.png */; };
		F453226B1ABBBF7600315E38 /* add_photo_back_320_156@2x.png in Resources */ = {isa = PBXBuildFile; fileRef = F453225F1ABBBF7600315E38 /* add_photo_back_320_156@2x.png */; };
		F453226C1ABBBF7600315E38 /* add_photo_back_320_156@3x.png in Resources */ = {isa = PBXBuildFile; fileRef = F45322601ABBBF7600315E38 /* add_photo_back_320_156@3x.png */; };
		F453226D1ABBBF7600315E38 /* boy_40_sel@2x.png in Resources */ = {isa = PBXBuildFile; fileRef = F45322611ABBBF7600315E38 /* boy_40_sel@2x.png */; };
		F453226E1ABBBF7600315E38 /* boy_40_sel@3x.png in Resources */ = {isa = PBXBuildFile; fileRef = F45322621ABBBF7600315E38 /* boy_40_sel@3x.png */; };
		F453226F1ABBBF7600315E38 /* boy_40@2x.png in Resources */ = {isa = PBXBuildFile; fileRef = F45322631ABBBF7600315E38 /* boy_40@2x.png */; };
		F45322701ABBBF7600315E38 /* boy_40@3x.png in Resources */ = {isa = PBXBuildFile; fileRef = F45322641ABBBF7600315E38 /* boy_40@3x.png */; };
		F45322711ABBBF7600315E38 /* btn_add_32_sel@2x.png in Resources */ = {isa = PBXBuildFile; fileRef = F45322651ABBBF7600315E38 /* btn_add_32_sel@2x.png */; };
		F45322721ABBBF7600315E38 /* btn_add_32_sel@3x.png in Resources */ = {isa = PBXBuildFile; fileRef = F45322661ABBBF7600315E38 /* btn_add_32_sel@3x.png */; };
		F45322731ABBBF7600315E38 /* btn_add_32@2x.png in Resources */ = {isa = PBXBuildFile; fileRef = F45322671ABBBF7600315E38 /* btn_add_32@2x.png */; };
		F45322741ABBBF7600315E38 /* btn_add_32@3x.png in Resources */ = {isa = PBXBuildFile; fileRef = F45322681ABBBF7600315E38 /* btn_add_32@3x.png */; };
		F45322771ABBBF8300315E38 /* btn_add_child_143_45@2x.png in Resources */ = {isa = PBXBuildFile; fileRef = F45322751ABBBF8300315E38 /* btn_add_child_143_45@2x.png */; };
		F45322781ABBBF8300315E38 /* btn_add_child_143_45@3x.png in Resources */ = {isa = PBXBuildFile; fileRef = F45322761ABBBF8300315E38 /* btn_add_child_143_45@3x.png */; };
		F453227C1ABBBFED00315E38 /* photo_320_144@2x.png in Resources */ = {isa = PBXBuildFile; fileRef = F45322791ABBBFED00315E38 /* photo_320_144@2x.png */; };
		F453227D1ABBBFED00315E38 /* photo_375_169@2x.png in Resources */ = {isa = PBXBuildFile; fileRef = F453227A1ABBBFED00315E38 /* photo_375_169@2x.png */; };
		F453227E1ABBBFED00315E38 /* photo_414_187@3x.png in Resources */ = {isa = PBXBuildFile; fileRef = F453227B1ABBBFED00315E38 /* photo_414_187@3x.png */; };
		F45322821ABBC04000315E38 /* MainViewController.m in Sources */ = {isa = PBXBuildFile; fileRef = F45322801ABBC04000315E38 /* MainViewController.m */; };
		F45322831ABBC04000315E38 /* MainViewController.xib in Resources */ = {isa = PBXBuildFile; fileRef = F45322811ABBC04000315E38 /* MainViewController.xib */; };
		F453228A1ABBC21900315E38 /* MiddleViewController.m in Sources */ = {isa = PBXBuildFile; fileRef = F45322881ABBC21900315E38 /* MiddleViewController.m */; };
		F453228B1ABBC21900315E38 /* MiddleViewController.xib in Resources */ = {isa = PBXBuildFile; fileRef = F45322891ABBC21900315E38 /* MiddleViewController.xib */; };
/* End PBXBuildFile section */

/* Begin PBXContainerItemProxy section */
		F45322491ABBB8D800315E38 /* PBXContainerItemProxy */ = {
			isa = PBXContainerItemProxy;
			containerPortal = F45322241ABBB8D700315E38 /* Project object */;
			proxyType = 1;
			remoteGlobalIDString = F453222B1ABBB8D700315E38;
			remoteInfo = Test;
		};
/* End PBXContainerItemProxy section */

/* Begin PBXFileReference section */
		F40333FA1ABFBE3A002D3FFD /* PrefixHeader.pch */ = {isa = PBXFileReference; fileEncoding = 4; lastKnownFileType = sourcecode.c.h; path = PrefixHeader.pch; sourceTree = "<group>"; };
		F453222C1ABBB8D700315E38 /* Test.app */ = {isa = PBXFileReference; explicitFileType = wrapper.application; includeInIndex = 0; path = Test.app; sourceTree = BUILT_PRODUCTS_DIR; };
		F45322301ABBB8D700315E38 /* Info.plist */ = {isa = PBXFileReference; lastKnownFileType = text.plist.xml; path = Info.plist; sourceTree = "<group>"; };
		F45322311ABBB8D700315E38 /* main.m */ = {isa = PBXFileReference; lastKnownFileType = sourcecode.c.objc; path = main.m; sourceTree = "<group>"; };
		F45322331ABBB8D700315E38 /* AppDelegate.h */ = {isa = PBXFileReference; lastKnownFileType = sourcecode.c.h; path = AppDelegate.h; sourceTree = "<group>"; };
		F45322341ABBB8D700315E38 /* AppDelegate.m */ = {isa = PBXFileReference; lastKnownFileType = sourcecode.c.objc; path = AppDelegate.m; sourceTree = "<group>"; };
		F45322371ABBB8D800315E38 /* Test.xcdatamodel */ = {isa = PBXFileReference; lastKnownFileType = wrapper.xcdatamodel; path = Test.xcdatamodel; sourceTree = "<group>"; };
		F45322391ABBB8D800315E38 /* ViewController.h */ = {isa = PBXFileReference; lastKnownFileType = sourcecode.c.h; path = ViewController.h; sourceTree = "<group>"; };
		F453223A1ABBB8D800315E38 /* ViewController.m */ = {isa = PBXFileReference; lastKnownFileType = sourcecode.c.objc; path = ViewController.m; sourceTree = "<group>"; };
		F453223D1ABBB8D800315E38 /* Base */ = {isa = PBXFileReference; lastKnownFileType = file.storyboard; name = Base; path = Base.lproj/Main.storyboard; sourceTree = "<group>"; };
		F453223F1ABBB8D800315E38 /* Images.xcassets */ = {isa = PBXFileReference; lastKnownFileType = folder.assetcatalog; path = Images.xcassets; sourceTree = "<group>"; };
		F45322421ABBB8D800315E38 /* Base */ = {isa = PBXFileReference; lastKnownFileType = file.xib; name = Base; path = Base.lproj/LaunchScreen.xib; sourceTree = "<group>"; };
		F45322481ABBB8D800315E38 /* TestTests.xctest */ = {isa = PBXFileReference; explicitFileType = wrapper.cfbundle; includeInIndex = 0; path = TestTests.xctest; sourceTree = BUILT_PRODUCTS_DIR; };
		F453224D1ABBB8D800315E38 /* Info.plist */ = {isa = PBXFileReference; lastKnownFileType = text.plist.xml; path = Info.plist; sourceTree = "<group>"; };
		F453224E1ABBB8D800315E38 /* TestTests.m */ = {isa = PBXFileReference; lastKnownFileType = sourcecode.c.objc; path = TestTests.m; sourceTree = "<group>"; };
		F45322581ABBB95700315E38 /* FirstViewController.h */ = {isa = PBXFileReference; fileEncoding = 4; lastKnownFileType = sourcecode.c.h; path = FirstViewController.h; sourceTree = "<group>"; };
		F45322591ABBB95700315E38 /* FirstViewController.m */ = {isa = PBXFileReference; fileEncoding = 4; lastKnownFileType = sourcecode.c.objc; path = FirstViewController.m; sourceTree = "<group>"; };
		F453225A1ABBB95700315E38 /* FirstViewController.xib */ = {isa = PBXFileReference; fileEncoding = 4; lastKnownFileType = file.xib; path = FirstViewController.xib; sourceTree = "<group>"; };
		F453225D1ABBBF7600315E38 /* add_photo_52_36@2x.png */ = {isa = PBXFileReference; lastKnownFileType = image.png; path = "add_photo_52_36@2x.png"; sourceTree = "<group>"; };
		F453225E1ABBBF7600315E38 /* add_photo_52_36@3x.png */ = {isa = PBXFileReference; lastKnownFileType = image.png; path = "add_photo_52_36@3x.png"; sourceTree = "<group>"; };
		F453225F1ABBBF7600315E38 /* add_photo_back_320_156@2x.png */ = {isa = PBXFileReference; lastKnownFileType = image.png; path = "add_photo_back_320_156@2x.png"; sourceTree = "<group>"; };
		F45322601ABBBF7600315E38 /* add_photo_back_320_156@3x.png */ = {isa = PBXFileReference; lastKnownFileType = image.png; path = "add_photo_back_320_156@3x.png"; sourceTree = "<group>"; };
		F45322611ABBBF7600315E38 /* boy_40_sel@2x.png */ = {isa = PBXFileReference; lastKnownFileType = image.png; path = "boy_40_sel@2x.png"; sourceTree = "<group>"; };
		F45322621ABBBF7600315E38 /* boy_40_sel@3x.png */ = {isa = PBXFileReference; lastKnownFileType = image.png; path = "boy_40_sel@3x.png"; sourceTree = "<group>"; };
		F45322631ABBBF7600315E38 /* boy_40@2x.png */ = {isa = PBXFileReference; lastKnownFileType = image.png; path = "boy_40@2x.png"; sourceTree = "<group>"; };
		F45322641ABBBF7600315E38 /* boy_40@3x.png */ = {isa = PBXFileReference; lastKnownFileType = image.png; path = "boy_40@3x.png"; sourceTree = "<group>"; };
		F45322651ABBBF7600315E38 /* btn_add_32_sel@2x.png */ = {isa = PBXFileReference; lastKnownFileType = image.png; path = "btn_add_32_sel@2x.png"; sourceTree = "<group>"; };
		F45322661ABBBF7600315E38 /* btn_add_32_sel@3x.png */ = {isa = PBXFileReference; lastKnownFileType = image.png; path = "btn_add_32_sel@3x.png"; sourceTree = "<group>"; };
		F45322671ABBBF7600315E38 /* btn_add_32@2x.png */ = {isa = PBXFileReference; lastKnownFileType = image.png; path = "btn_add_32@2x.png"; sourceTree = "<group>"; };
		F45322681ABBBF7600315E38 /* btn_add_32@3x.png */ = {isa = PBXFileReference; lastKnownFileType = image.png; path = "btn_add_32@3x.png"; sourceTree = "<group>"; };
		F45322751ABBBF8300315E38 /* btn_add_child_143_45@2x.png */ = {isa = PBXFileReference; lastKnownFileType = image.png; path = "btn_add_child_143_45@2x.png"; sourceTree = "<group>"; };
		F45322761ABBBF8300315E38 /* btn_add_child_143_45@3x.png */ = {isa = PBXFileReference; lastKnownFileType = image.png; path = "btn_add_child_143_45@3x.png"; sourceTree = "<group>"; };
		F45322791ABBBFED00315E38 /* photo_320_144@2x.png */ = {isa = PBXFileReference; lastKnownFileType = image.png; path = "photo_320_144@2x.png"; sourceTree = "<group>"; };
		F453227A1ABBBFED00315E38 /* photo_375_169@2x.png */ = {isa = PBXFileReference; lastKnownFileType = image.png; path = "photo_375_169@2x.png"; sourceTree = "<group>"; };
		F453227B1ABBBFED00315E38 /* photo_414_187@3x.png */ = {isa = PBXFileReference; lastKnownFileType = image.png; path = "photo_414_187@3x.png"; sourceTree = "<group>"; };
		F453227F1ABBC04000315E38 /* MainViewController.h */ = {isa = PBXFileReference; fileEncoding = 4; lastKnownFileType = sourcecode.c.h; path = MainViewController.h; sourceTree = "<group>"; };
		F45322801ABBC04000315E38 /* MainViewController.m */ = {isa = PBXFileReference; fileEncoding = 4; lastKnownFileType = sourcecode.c.objc; path = MainViewController.m; sourceTree = "<group>"; };
		F45322811ABBC04000315E38 /* MainViewController.xib */ = {isa = PBXFileReference; fileEncoding = 4; lastKnownFileType = file.xib; path = MainViewController.xib; sourceTree = "<group>"; };
		F45322871ABBC21900315E38 /* MiddleViewController.h */ = {isa = PBXFileReference; fileEncoding = 4; lastKnownFileType = sourcecode.c.h; name = MiddleViewController.h; path = ../MiddleViewController.h; sourceTree = "<group>"; };
		F45322881ABBC21900315E38 /* MiddleViewController.m */ = {isa = PBXFileReference; fileEncoding = 4; lastKnownFileType = sourcecode.c.objc; name = MiddleViewController.m; path = ../MiddleViewController.m; sourceTree = "<group>"; };
		F45322891ABBC21900315E38 /* MiddleViewController.xib */ = {isa = PBXFileReference; fileEncoding = 4; lastKnownFileType = file.xib; name = MiddleViewController.xib; path = ../MiddleViewController.xib; sourceTree = "<group>"; };
/* End PBXFileReference section */

/* Begin PBXFrameworksBuildPhase section */
		F45322291ABBB8D700315E38 /* Frameworks */ = {
			isa = PBXFrameworksBuildPhase;
			buildActionMask = 2147483647;
			files = (
			);
			runOnlyForDeploymentPostprocessing = 0;
		};
		F45322451ABBB8D800315E38 /* Frameworks */ = {
			isa = PBXFrameworksBuildPhase;
			buildActionMask = 2147483647;
			files = (
			);
			runOnlyForDeploymentPostprocessing = 0;
		};
/* End PBXFrameworksBuildPhase section */

/* Begin PBXGroup section */
		F45322231ABBB8D700315E38 = {
			isa = PBXGroup;
			children = (
				F453222E1ABBB8D700315E38 /* Test */,
				F453224B1ABBB8D800315E38 /* TestTests */,
				F453222D1ABBB8D700315E38 /* Products */,
			);
			sourceTree = "<group>";
		};
		F453222D1ABBB8D700315E38 /* Products */ = {
			isa = PBXGroup;
			children = (
				F453222C1ABBB8D700315E38 /* Test.app */,
				F45322481ABBB8D800315E38 /* TestTests.xctest */,
			);
			name = Products;
			sourceTree = "<group>";
		};
		F453222E1ABBB8D700315E38 /* Test */ = {
			isa = PBXGroup;
			children = (
				F45322331ABBB8D700315E38 /* AppDelegate.h */,
				F45322341ABBB8D700315E38 /* AppDelegate.m */,
				F45322581ABBB95700315E38 /* FirstViewController.h */,
				F45322591ABBB95700315E38 /* FirstViewController.m */,
				F453225A1ABBB95700315E38 /* FirstViewController.xib */,
				F45322871ABBC21900315E38 /* MiddleViewController.h */,
				F45322881ABBC21900315E38 /* MiddleViewController.m */,
				F45322891ABBC21900315E38 /* MiddleViewController.xib */,
				F453227F1ABBC04000315E38 /* MainViewController.h */,
				F45322801ABBC04000315E38 /* MainViewController.m */,
				F45322811ABBC04000315E38 /* MainViewController.xib */,
				F45322391ABBB8D800315E38 /* ViewController.h */,
				F453223A1ABBB8D800315E38 /* ViewController.m */,
				F453223C1ABBB8D800315E38 /* Main.storyboard */,
				F453223F1ABBB8D800315E38 /* Images.xcassets */,
				F45322411ABBB8D800315E38 /* LaunchScreen.xib */,
				F453228E1ABBE25A00315E38 /* Images */,
				F45322361ABBB8D800315E38 /* Test.xcdatamodeld */,
				F453222F1ABBB8D700315E38 /* Supporting Files */,
			);
			path = Test;
			sourceTree = "<group>";
		};
		F453222F1ABBB8D700315E38 /* Supporting Files */ = {
			isa = PBXGroup;
			children = (
				F40333FA1ABFBE3A002D3FFD /* PrefixHeader.pch */,
				F45322301ABBB8D700315E38 /* Info.plist */,
				F45322311ABBB8D700315E38 /* main.m */,
			);
			name = "Supporting Files";
			sourceTree = "<group>";
		};
		F453224B1ABBB8D800315E38 /* TestTests */ = {
			isa = PBXGroup;
			children = (
				F453224E1ABBB8D800315E38 /* TestTests.m */,
				F453224C1ABBB8D800315E38 /* Supporting Files */,
			);
			path = TestTests;
			sourceTree = "<group>";
		};
		F453224C1ABBB8D800315E38 /* Supporting Files */ = {
			isa = PBXGroup;
			children = (
				F453224D1ABBB8D800315E38 /* Info.plist */,
			);
			name = "Supporting Files";
			sourceTree = "<group>";
		};
		F453228E1ABBE25A00315E38 /* Images */ = {
			isa = PBXGroup;
			children = (
				F453225D1ABBBF7600315E38 /* add_photo_52_36@2x.png */,
				F453225E1ABBBF7600315E38 /* add_photo_52_36@3x.png */,
				F453225F1ABBBF7600315E38 /* add_photo_back_320_156@2x.png */,
				F45322601ABBBF7600315E38 /* add_photo_back_320_156@3x.png */,
				F45322611ABBBF7600315E38 /* boy_40_sel@2x.png */,
				F45322621ABBBF7600315E38 /* boy_40_sel@3x.png */,
				F45322631ABBBF7600315E38 /* boy_40@2x.png */,
				F45322641ABBBF7600315E38 /* boy_40@3x.png */,
				F45322651ABBBF7600315E38 /* btn_add_32_sel@2x.png */,
				F45322661ABBBF7600315E38 /* btn_add_32_sel@3x.png */,
				F45322671ABBBF7600315E38 /* btn_add_32@2x.png */,
				F45322681ABBBF7600315E38 /* btn_add_32@3x.png */,
				F45322751ABBBF8300315E38 /* btn_add_child_143_45@2x.png */,
				F45322761ABBBF8300315E38 /* btn_add_child_143_45@3x.png */,
				F45322791ABBBFED00315E38 /* photo_320_144@2x.png */,
				F453227A1ABBBFED00315E38 /* photo_375_169@2x.png */,
				F453227B1ABBBFED00315E38 /* photo_414_187@3x.png */,
			);
			name = Images;
			sourceTree = "<group>";
		};
/* End PBXGroup section */

/* Begin PBXNativeTarget section */
		F453222B1ABBB8D700315E38 /* Test */ = {
			isa = PBXNativeTarget;
			buildConfigurationList = F45322521ABBB8D800315E38 /* Build configuration list for PBXNativeTarget "Test" */;
			buildPhases = (
				F45322281ABBB8D700315E38 /* Sources */,
				F45322291ABBB8D700315E38 /* Frameworks */,
				F453222A1ABBB8D700315E38 /* Resources */,
			);
			buildRules = (
			);
			dependencies = (
			);
			name = Test;
			productName = Test;
			productReference = F453222C1ABBB8D700315E38 /* Test.app */;
			productType = "com.apple.product-type.application";
		};
		F45322471ABBB8D800315E38 /* TestTests */ = {
			isa = PBXNativeTarget;
			buildConfigurationList = F45322551ABBB8D800315E38 /* Build configuration list for PBXNativeTarget "TestTests" */;
			buildPhases = (
				F45322441ABBB8D800315E38 /* Sources */,
				F45322451ABBB8D800315E38 /* Frameworks */,
				F45322461ABBB8D800315E38 /* Resources */,
			);
			buildRules = (
			);
			dependencies = (
				F453224A1ABBB8D800315E38 /* PBXTargetDependency */,
			);
			name = TestTests;
			productName = TestTests;
			productReference = F45322481ABBB8D800315E38 /* TestTests.xctest */;
			productType = "com.apple.product-type.bundle.unit-test";
		};
/* End PBXNativeTarget section */

/* Begin PBXProject section */
		F45322241ABBB8D700315E38 /* Project object */ = {
			isa = PBXProject;
			attributes = {
				LastUpgradeCheck = 0620;
				ORGANIZATIONNAME = "刘永宁";
				TargetAttributes = {
					F453222B1ABBB8D700315E38 = {
						CreatedOnToolsVersion = 6.2;
					};
					F45322471ABBB8D800315E38 = {
						CreatedOnToolsVersion = 6.2;
						TestTargetID = F453222B1ABBB8D700315E38;
					};
				};
			};
			buildConfigurationList = F45322271ABBB8D700315E38 /* Build configuration list for PBXProject "Test" */;
			compatibilityVersion = "Xcode 3.2";
			developmentRegion = English;
			hasScannedForEncodings = 0;
			knownRegions = (
				en,
				Base,
			);
			mainGroup = F45322231ABBB8D700315E38;
			productRefGroup = F453222D1ABBB8D700315E38 /* Products */;
			projectDirPath = "";
			projectRoot = "";
			targets = (
				F453222B1ABBB8D700315E38 /* Test */,
				F45322471ABBB8D800315E38 /* TestTests */,
			);
		};
/* End PBXProject section */

/* Begin PBXResourcesBuildPhase section */
		F453222A1ABBB8D700315E38 /* Resources */ = {
			isa = PBXResourcesBuildPhase;
			buildActionMask = 2147483647;
			files = (
				F453227D1ABBBFED00315E38 /* photo_375_169@2x.png in Resources */,
				F453228B1ABBC21900315E38 /* MiddleViewController.xib in Resources */,
				F453223E1ABBB8D800315E38 /* Main.storyboard in Resources */,
				F45322431ABBB8D800315E38 /* LaunchScreen.xib in Resources */,
				F453227C1ABBBFED00315E38 /* photo_320_144@2x.png in Resources */,
				F45322731ABBBF7600315E38 /* btn_add_32@2x.png in Resources */,
				F45322831ABBC04000315E38 /* MainViewController.xib in Resources */,
				F45322711ABBBF7600315E38 /* btn_add_32_sel@2x.png in Resources */,
				F45322401ABBB8D800315E38 /* Images.xcassets in Resources */,
				F45322721ABBBF7600315E38 /* btn_add_32_sel@3x.png in Resources */,
				F453226D1ABBBF7600315E38 /* boy_40_sel@2x.png in Resources */,
				F453225C1ABBB95700315E38 /* FirstViewController.xib in Resources */,
				F453226C1ABBBF7600315E38 /* add_photo_back_320_156@3x.png in Resources */,
				F453226A1ABBBF7600315E38 /* add_photo_52_36@3x.png in Resources */,
				F453227E1ABBBFED00315E38 /* photo_414_187@3x.png in Resources */,
				F453226E1ABBBF7600315E38 /* boy_40_sel@3x.png in Resources */,
				F45322701ABBBF7600315E38 /* boy_40@3x.png in Resources */,
				F453226F1ABBBF7600315E38 /* boy_40@2x.png in Resources */,
				F453226B1ABBBF7600315E38 /* add_photo_back_320_156@2x.png in Resources */,
				F45322691ABBBF7600315E38 /* add_photo_52_36@2x.png in Resources */,
				F45322781ABBBF8300315E38 /* btn_add_child_143_45@3x.png in Resources */,
				F45322771ABBBF8300315E38 /* btn_add_child_143_45@2x.png in Resources */,
				F45322741ABBBF7600315E38 /* btn_add_32@3x.png in Resources */,
			);
			runOnlyForDeploymentPostprocessing = 0;
		};
		F45322461ABBB8D800315E38 /* Resources */ = {
			isa = PBXResourcesBuildPhase;
			buildActionMask = 2147483647;
			files = (
			);
			runOnlyForDeploymentPostprocessing = 0;
		};
/* End PBXResourcesBuildPhase section */

/* Begin PBXSourcesBuildPhase section */
		F45322281ABBB8D700315E38 /* Sources */ = {
			isa = PBXSourcesBuildPhase;
			buildActionMask = 2147483647;
			files = (
				F45322351ABBB8D700315E38 /* AppDelegate.m in Sources */,
				F45322821ABBC04000315E38 /* MainViewController.m in Sources */,
				F45322321ABBB8D700315E38 /* main.m in Sources */,
				F453228A1ABBC21900315E38 /* MiddleViewController.m in Sources */,
				F453225B1ABBB95700315E38 /* FirstViewController.m in Sources */,
				F453223B1ABBB8D800315E38 /* ViewController.m in Sources */,
				F45322381ABBB8D800315E38 /* Test.xcdatamodeld in Sources */,
			);
			runOnlyForDeploymentPostprocessing = 0;
		};
		F45322441ABBB8D800315E38 /* Sources */ = {
			isa = PBXSourcesBuildPhase;
			buildActionMask = 2147483647;
			files = (
				F453224F1ABBB8D800315E38 /* TestTests.m in Sources */,
			);
			runOnlyForDeploymentPostprocessing = 0;
		};
/* End PBXSourcesBuildPhase section */

/* Begin PBXTargetDependency section */
		F453224A1ABBB8D800315E38 /* PBXTargetDependency */ = {
			isa = PBXTargetDependency;
			target = F453222B1ABBB8D700315E38 /* Test */;
			targetProxy = F45322491ABBB8D800315E38 /* PBXContainerItemProxy */;
		};
/* End PBXTargetDependency section */

/* Begin PBXVariantGroup section */
		F453223C1ABBB8D800315E38 /* Main.storyboard */ = {
			isa = PBXVariantGroup;
			children = (
				F453223D1ABBB8D800315E38 /* Base */,
			);
			name = Main.storyboard;
			sourceTree = "<group>";
		};
		F45322411ABBB8D800315E38 /* LaunchScreen.xib */ = {
			isa = PBXVariantGroup;
			children = (
				F45322421ABBB8D800315E38 /* Base */,
			);
			name = LaunchScreen.xib;
			sourceTree = "<group>";
		};
/* End PBXVariantGroup section */

/* Begin XCBuildConfiguration section */
		F45322501ABBB8D800315E38 /* Debug */ = {
			isa = XCBuildConfiguration;
			buildSettings = {
				ALWAYS_SEARCH_USER_PATHS = NO;
				CLANG_CXX_LANGUAGE_STANDARD = "gnu++0x";
				CLANG_CXX_LIBRARY = "libc++";
				CLANG_ENABLE_MODULES = YES;
				CLANG_ENABLE_OBJC_ARC = YES;
				CLANG_WARN_BOOL_CONVERSION = YES;
				CLANG_WARN_CONSTANT_CONVERSION = YES;
				CLANG_WARN_DIRECT_OBJC_ISA_USAGE = YES_ERROR;
				CLANG_WARN_EMPTY_BODY = YES;
				CLANG_WARN_ENUM_CONVERSION = YES;
				CLANG_WARN_INT_CONVERSION = YES;
				CLANG_WARN_OBJC_ROOT_CLASS = YES_ERROR;
				CLANG_WARN_UNREACHABLE_CODE = YES;
				CLANG_WARN__DUPLICATE_METHOD_MATCH = YES;
				"CODE_SIGN_IDENTITY[sdk=iphoneos*]" = "iPhone Developer";
				COPY_PHASE_STRIP = NO;
				ENABLE_STRICT_OBJC_MSGSEND = YES;
				GCC_C_LANGUAGE_STANDARD = gnu99;
				GCC_DYNAMIC_NO_PIC = NO;
				GCC_OPTIMIZATION_LEVEL = 0;
				GCC_PRECOMPILE_PREFIX_HEADER = NO;
				GCC_PREFIX_HEADER = "$(SRCROOT)/Test/PrefixHeader.pch";
				GCC_PREPROCESSOR_DEFINITIONS = (
					"DEBUG=1",
					"$(inherited)",
				);
				GCC_SYMBOLS_PRIVATE_EXTERN = NO;
				GCC_WARN_64_TO_32_BIT_CONVERSION = YES;
				GCC_WARN_ABOUT_RETURN_TYPE = YES_ERROR;
				GCC_WARN_UNDECLARED_SELECTOR = YES;
				GCC_WARN_UNINITIALIZED_AUTOS = YES_AGGRESSIVE;
				GCC_WARN_UNUSED_FUNCTION = YES;
				GCC_WARN_UNUSED_VARIABLE = YES;
				IPHONEOS_DEPLOYMENT_TARGET = 7.0;
				MTL_ENABLE_DEBUG_INFO = YES;
				ONLY_ACTIVE_ARCH = YES;
				SDKROOT = iphoneos;
			};
			name = Debug;
		};
		F45322511ABBB8D800315E38 /* Release */ = {
			isa = XCBuildConfiguration;
			buildSettings = {
				ALWAYS_SEARCH_USER_PATHS = NO;
				CLANG_CXX_LANGUAGE_STANDARD = "gnu++0x";
				CLANG_CXX_LIBRARY = "libc++";
				CLANG_ENABLE_MODULES = YES;
				CLANG_ENABLE_OBJC_ARC = YES;
				CLANG_WARN_BOOL_CONVERSION = YES;
				CLANG_WARN_CONSTANT_CONVERSION = YES;
				CLANG_WARN_DIRECT_OBJC_ISA_USAGE = YES_ERROR;
				CLANG_WARN_EMPTY_BODY = YES;
				CLANG_WARN_ENUM_CONVERSION = YES;
				CLANG_WARN_INT_CONVERSION = YES;
				CLANG_WARN_OBJC_ROOT_CLASS = YES_ERROR;
				CLANG_WARN_UNREACHABLE_CODE = YES;
				CLANG_WARN__DUPLICATE_METHOD_MATCH = YES;
				"CODE_SIGN_IDENTITY[sdk=iphoneos*]" = "iPhone Developer";
				COPY_PHASE_STRIP = NO;
				ENABLE_NS_ASSERTIONS = NO;
				ENABLE_STRICT_OBJC_MSGSEND = YES;
				GCC_C_LANGUAGE_STANDARD = gnu99;
				GCC_PRECOMPILE_PREFIX_HEADER = NO;
				GCC_PREFIX_HEADER = "$(SRCROOT)/Test/PrefixHeader.pch";
				GCC_WARN_64_TO_32_BIT_CONVERSION = YES;
				GCC_WARN_ABOUT_RETURN_TYPE = YES_ERROR;
				GCC_WARN_UNDECLARED_SELECTOR = YES;
				GCC_WARN_UNINITIALIZED_AUTOS = YES_AGGRESSIVE;
				GCC_WARN_UNUSED_FUNCTION = YES;
				GCC_WARN_UNUSED_VARIABLE = YES;
				IPHONEOS_DEPLOYMENT_TARGET = 7.0;
				MTL_ENABLE_DEBUG_INFO = NO;
				SDKROOT = iphoneos;
				VALIDATE_PRODUCT = YES;
			};
			name = Release;
		};
		F45322531ABBB8D800315E38 /* Debug */ = {
			isa = XCBuildConfiguration;
			buildSettings = {
				ASSETCATALOG_COMPILER_APPICON_NAME = AppIcon;
				GCC_PRECOMPILE_PREFIX_HEADER = NO;
				INFOPLIST_FILE = Test/Info.plist;
				LD_RUNPATH_SEARCH_PATHS = "$(inherited) @executable_path/Frameworks";
				PRODUCT_NAME = "$(TARGET_NAME)";
			};
			name = Debug;
		};
		F45322541ABBB8D800315E38 /* Release */ = {
			isa = XCBuildConfiguration;
			buildSettings = {
				ASSETCATALOG_COMPILER_APPICON_NAME = AppIcon;
				GCC_PRECOMPILE_PREFIX_HEADER = NO;
				INFOPLIST_FILE = Test/Info.plist;
				LD_RUNPATH_SEARCH_PATHS = "$(inherited) @executable_path/Frameworks";
				PRODUCT_NAME = "$(TARGET_NAME)";
			};
			name = Release;
		};
		F45322561ABBB8D800315E38 /* Debug */ = {
			isa = XCBuildConfiguration;
			buildSettings = {
				BUNDLE_LOADER = "$(TEST_HOST)";
				FRAMEWORK_SEARCH_PATHS = (
					"$(SDKROOT)/Developer/Library/Frameworks",
					"$(inherited)",
				);
				GCC_PREPROCESSOR_DEFINITIONS = (
					"DEBUG=1",
					"$(inherited)",
				);
				INFOPLIST_FILE = TestTests/Info.plist;
				LD_RUNPATH_SEARCH_PATHS = "$(inherited) @executable_path/Frameworks @loader_path/Frameworks";
				PRODUCT_NAME = "$(TARGET_NAME)";
				TEST_HOST = "$(BUILT_PRODUCTS_DIR)/Test.app/Test";
			};
			name = Debug;
		};
		F45322571ABBB8D800315E38 /* Release */ = {
			isa = XCBuildConfiguration;
			buildSettings = {
				BUNDLE_LOADER = "$(TEST_HOST)";
				FRAMEWORK_SEARCH_PATHS = (
					"$(SDKROOT)/Developer/Library/Frameworks",
					"$(inherited)",
				);
				INFOPLIST_FILE = TestTests/Info.plist;
				LD_RUNPATH_SEARCH_PATHS = "$(inherited) @executable_path/Frameworks @loader_path/Frameworks";
				PRODUCT_NAME = "$(TARGET_NAME)";
				TEST_HOST = "$(BUILT_PRODUCTS_DIR)/Test.app/Test";
			};
			name = Release;
		};
/* End XCBuildConfiguration section */

/* Begin XCConfigurationList section */
		F45322271ABBB8D700315E38 /* Build configuration list for PBXProject "Test" */ = {
			isa = XCConfigurationList;
			buildConfigurations = (
				F45322501ABBB8D800315E38 /* Debug */,
				F45322511ABBB8D800315E38 /* Release */,
			);
			defaultConfigurationIsVisible = 0;
			defaultConfigurationName = Release;
		};
		F45322521ABBB8D800315E38 /* Build configuration list for PBXNativeTarget "Test" */ = {
			isa = XCConfigurationList;
			buildConfigurations = (
				F45322531ABBB8D800315E38 /* Debug */,
				F45322541ABBB8D800315E38 /* Release */,
			);
			defaultConfigurationIsVisible = 0;
			defaultConfigurationName = Release;
		};
		F45322551ABBB8D800315E38 /* Build configuration list for PBXNativeTarget "TestTests" */ = {
			isa = XCConfigurationList;
			buildConfigurations = (
				F45322561ABBB8D800315E38 /* Debug */,
				F45322571ABBB8D800315E38 /* Release */,
			);
			defaultConfigurationIsVisible = 0;
			defaultConfigurationName = Release;
		};
/* End XCConfigurationList section */

/* Begin XCVersionGroup section */
		F45322361ABBB8D800315E38 /* Test.xcdatamodeld */ = {
			isa = XCVersionGroup;
			children = (
				F45322371ABBB8D800315E38 /* Test.xcdatamodel */,
			);
			currentVersion = F45322371ABBB8D800315E38 /* Test.xcdatamodel */;
			path = Test.xcdatamodeld;
			sourceTree = "<group>";
			versionGroupType = wrapper.xcdatamodel;
		};
/* End XCVersionGroup section */
	};
	rootObject = F45322241ABBB8D700315E38 /* Project object */;
}
